
Microsoft Visual Studio Solution File, Format Version 12.00
# Visual Studio Version 16
VisualStudioVersion = 16.0.31424.327
MinimumVisualStudioVersion = 10.0.40219.1
Project("{FAE04EC0-301F-11D3-BF4B-00C04F79EFBC}") = "MyFavoriteThings", "MyFavoriteThings\MyFavoriteThings.csproj", "{D6F5BFB8-E010-4FED-B65A-66321E7285BD}"
EndProject
Global
	GlobalSection(SolutionConfigurationPlatforms) = preSolution
		Debug|Any CPU = Debug|Any CPU
		Release|Any CPU = Release|Any CPU
	EndGlobalSection
	GlobalSection(ProjectConfigurationPlatforms) = postSolution
		{D6F5BFB8-E010-4FED-B65A-66321E7285BD}.Debug|Any CPU.ActiveCfg = Debug|Any CPU
		{D6F5BFB8-E010-4FED-B65A-66321E7285BD}.Debug|Any CPU.Build.0 = Debug|Any CPU
		{D6F5BFB8-E010-4FED-B65A-66321E7285BD}.Release|Any CPU.ActiveCfg = Release|Any CPU
		{D6F5BFB8-E010-4FED-B65A-66321E7285BD}.Release|Any CPU.Build.0 = Release|Any CPU
	EndGlobalSection
	GlobalSection(SolutionProperties) = preSolution
		HideSolutionNode = FALSE
	EndGlobalSection
	GlobalSection(ExtensibilityGlobals) = postSolution
		SolutionGuid = {532B26F7-50E7-4246-85FB-36311DA3A5FC}
	EndGlobalSection
EndGlobal
